// !$*UTF8*$!
{
	archiveVersion = 1;
	classes = {
	};
	objectVersion = 46;
	objects = {

/* Begin PBXBuildFile section */
		F35184B51D18DB5B00C9CD8F /* AppDelegate.swift in Sources */ = {isa = PBXBuildFile; fileRef = F35184B41D18DB5B00C9CD8F /* AppDelegate.swift */; };
		F35184B71D18DB5B00C9CD8F /* ViewController.swift in Sources */ = {isa = PBXBuildFile; fileRef = F35184B61D18DB5B00C9CD8F /* ViewController.swift */; };
		F35184BA1D18DB5B00C9CD8F /* Main.storyboard in Resources */ = {isa = PBXBuildFile; fileRef = F35184B81D18DB5B00C9CD8F /* Main.storyboard */; };
		F35184BC1D18DB5B00C9CD8F /* Assets.xcassets in Resources */ = {isa = PBXBuildFile; fileRef = F35184BB1D18DB5B00C9CD8F /* Assets.xcassets */; };
		F35184BF1D18DB5B00C9CD8F /* LaunchScreen.storyboard in Resources */ = {isa = PBXBuildFile; fileRef = F35184BD1D18DB5B00C9CD8F /* LaunchScreen.storyboard */; };
		F35184CA1D18DB5B00C9CD8F /* PitchPerfectTests.swift in Sources */ = {isa = PBXBuildFile; fileRef = F35184C91D18DB5B00C9CD8F /* PitchPerfectTests.swift */; };
		F35184D51D18DB5B00C9CD8F /* PitchPerfectUITests.swift in Sources */ = {isa = PBXBuildFile; fileRef = F35184D41D18DB5B00C9CD8F /* PitchPerfectUITests.swift */; };
/* End PBXBuildFile section */

/* Begin PBXContainerItemProxy section */
		F35184C61D18DB5B00C9CD8F /* PBXContainerItemProxy */ = {
			isa = PBXContainerItemProxy;
			containerPortal = F35184A91D18DB5B00C9CD8F /* Project object */;
			proxyType = 1;
			remoteGlobalIDString = F35184B01D18DB5B00C9CD8F;
			remoteInfo = PitchPerfect;
		};
		F35184D11D18DB5B00C9CD8F /* PBXContainerItemProxy */ = {
			isa = PBXContainerItemProxy;
			containerPortal = F35184A91D18DB5B00C9CD8F /* Project object */;
			proxyType = 1;
			remoteGlobalIDString = F35184B01D18DB5B00C9CD8F;
			remoteInfo = PitchPerfect;
		};
/* End PBXContainerItemProxy section */

/* Begin PBXFileReference section */
		F35184B11D18DB5B00C9CD8F /* PitchPerfect.app */ = {isa = PBXFileReference; explicitFileType = wrapper.application; includeInIndex = 0; path = PitchPerfect.app; sourceTree = BUILT_PRODUCTS_DIR; };
		F35184B41D18DB5B00C9CD8F /* AppDelegate.swift */ = {isa = PBXFileReference; lastKnownFileType = sourcecode.swift; path = AppDelegate.swift; sourceTree = "<group>"; };
		F35184B61D18DB5B00C9CD8F /* ViewController.swift */ = {isa = PBXFileReference; lastKnownFileType = sourcecode.swift; path = ViewController.swift; sourceTree = "<group>"; };
		F35184B91D18DB5B00C9CD8F /* Base */ = {isa = PBXFileReference; lastKnownFileType = file.storyboard; name = Base; path = Base.lproj/Main.storyboard; sourceTree = "<group>"; };
		F35184BB1D18DB5B00C9CD8F /* Assets.xcassets */ = {isa = PBXFileReference; lastKnownFileType = folder.assetcatalog; path = Assets.xcassets; sourceTree = "<group>"; };
		F35184BE1D18DB5B00C9CD8F /* Base */ = {isa = PBXFileReference; lastKnownFileType = file.storyboard; name = Base; path = Base.lproj/LaunchScreen.storyboard; sourceTree = "<group>"; };
		F35184C01D18DB5B00C9CD8F /* Info.plist */ = {isa = PBXFileReference; lastKnownFileType = text.plist.xml; path = Info.plist; sourceTree = "<group>"; };
		F35184C51D18DB5B00C9CD8F /* PitchPerfectTests.xctest */ = {isa = PBXFileReference; explicitFileType = wrapper.cfbundle; includeInIndex = 0; path = PitchPerfectTests.xctest; sourceTree = BUILT_PRODUCTS_DIR; };
		F35184C91D18DB5B00C9CD8F /* PitchPerfectTests.swift */ = {isa = PBXFileReference; lastKnownFileType = sourcecode.swift; path = PitchPerfectTests.swift; sourceTree = "<group>"; };
		F35184CB1D18DB5B00C9CD8F /* Info.plist */ = {isa = PBXFileReference; lastKnownFileType = text.plist.xml; path = Info.plist; sourceTree = "<group>"; };
		F35184D01D18DB5B00C9CD8F /* PitchPerfectUITests.xctest */ = {isa = PBXFileReference; explicitFileType = wrapper.cfbundle; includeInIndex = 0; path = PitchPerfectUITests.xctest; sourceTree = BUILT_PRODUCTS_DIR; };
		F35184D41D18DB5B00C9CD8F /* PitchPerfectUITests.swift */ = {isa = PBXFileReference; lastKnownFileType = sourcecode.swift; path = PitchPerfectUITests.swift; sourceTree = "<group>"; };
		F35184D61D18DB5B00C9CD8F /* Info.plist */ = {isa = PBXFileReference; lastKnownFileType = text.plist.xml; path = Info.plist; sourceTree = "<group>"; };
/* End PBXFileReference section */

/* Begin PBXFrameworksBuildPhase section */
		F35184AE1D18DB5B00C9CD8F /* Frameworks */ = {
			isa = PBXFrameworksBuildPhase;
			buildActionMask = 2147483647;
			files = (
			);
			runOnlyForDeploymentPostprocessing = 0;
		};
		F35184C21D18DB5B00C9CD8F /* Frameworks */ = {
			isa = PBXFrameworksBuildPhase;
			buildActionMask = 2147483647;
			files = (
			);
			runOnlyForDeploymentPostprocessing = 0;
		};
		F35184CD1D18DB5B00C9CD8F /* Frameworks */ = {
			isa = PBXFrameworksBuildPhase;
			buildActionMask = 2147483647;
			files = (
			);
			runOnlyForDeploymentPostprocessing = 0;
		};
/* End PBXFrameworksBuildPhase section */

/* Begin PBXGroup section */
		F35184A81D18DB5B00C9CD8F = {
			isa = PBXGroup;
			children = (
				F35184B31D18DB5B00C9CD8F /* PitchPerfect */,
				F35184C81D18DB5B00C9CD8F /* PitchPerfectTests */,
				F35184D31D18DB5B00C9CD8F /* PitchPerfectUITests */,
				F35184B21D18DB5B00C9CD8F /* Products */,
			);
			sourceTree = "<group>";
		};
		F35184B21D18DB5B00C9CD8F /* Products */ = {
			isa = PBXGroup;
			children = (
				F35184B11D18DB5B00C9CD8F /* PitchPerfect.app */,
				F35184C51D18DB5B00C9CD8F /* PitchPerfectTests.xctest */,
				F35184D01D18DB5B00C9CD8F /* PitchPerfectUITests.xctest */,
			);
			name = Products;
			sourceTree = "<group>";
		};
		F35184B31D18DB5B00C9CD8F /* PitchPerfect */ = {
			isa = PBXGroup;
			children = (
				F35184B41D18DB5B00C9CD8F /* AppDelegate.swift */,
				F35184B61D18DB5B00C9CD8F /* ViewController.swift */,
				F35184B81D18DB5B00C9CD8F /* Main.storyboard */,
				F35184BB1D18DB5B00C9CD8F /* Assets.xcassets */,
				F35184BD1D18DB5B00C9CD8F /* LaunchScreen.storyboard */,
				F35184C01D18DB5B00C9CD8F /* Info.plist */,
			);
			path = PitchPerfect;
			sourceTree = "<group>";
		};
		F35184C81D18DB5B00C9CD8F /* PitchPerfectTests */ = {
			isa = PBXGroup;
			children = (
				F35184C91D18DB5B00C9CD8F /* PitchPerfectTests.swift */,
				F35184CB1D18DB5B00C9CD8F /* Info.plist */,
			);
			path = PitchPerfectTests;
			sourceTree = "<group>";
		};
		F35184D31D18DB5B00C9CD8F /* PitchPerfectUITests */ = {
			isa = PBXGroup;
			children = (
				F35184D41D18DB5B00C9CD8F /* PitchPerfectUITests.swift */,
				F35184D61D18DB5B00C9CD8F /* Info.plist */,
			);
			path = PitchPerfectUITests;
			sourceTree = "<group>";
		};
/* End PBXGroup section */

/* Begin PBXNativeTarget section */
		F35184B01D18DB5B00C9CD8F /* PitchPerfect */ = {
			isa = PBXNativeTarget;
			buildConfigurationList = F35184D91D18DB5B00C9CD8F /* Build configuration list for PBXNativeTarget "PitchPerfect" */;
			buildPhases = (
				F35184AD1D18DB5B00C9CD8F /* Sources */,
				F35184AE1D18DB5B00C9CD8F /* Frameworks */,
				F35184AF1D18DB5B00C9CD8F /* Resources */,
			);
			buildRules = (
			);
			dependencies = (
			);
			name = PitchPerfect;
			productName = PitchPerfect;
			productReference = F35184B11D18DB5B00C9CD8F /* PitchPerfect.app */;
			productType = "com.apple.product-type.application";
		};
		F35184C41D18DB5B00C9CD8F /* PitchPerfectTests */ = {
			isa = PBXNativeTarget;
			buildConfigurationList = F35184DC1D18DB5B00C9CD8F /* Build configuration list for PBXNativeTarget "PitchPerfectTests" */;
			buildPhases = (
				F35184C11D18DB5B00C9CD8F /* Sources */,
				F35184C21D18DB5B00C9CD8F /* Frameworks */,
				F35184C31D18DB5B00C9CD8F /* Resources */,
			);
			buildRules = (
			);
			dependencies = (
				F35184C71D18DB5B00C9CD8F /* PBXTargetDependency */,
			);
			name = PitchPerfectTests;
			productName = PitchPerfectTests;
			productReference = F35184C51D18DB5B00C9CD8F /* PitchPerfectTests.xctest */;
			productType = "com.apple.product-type.bundle.unit-test";
		};
		F35184CF1D18DB5B00C9CD8F /* PitchPerfectUITests */ = {
			isa = PBXNativeTarget;
			buildConfigurationList = F35184DF1D18DB5B00C9CD8F /* Build configuration list for PBXNativeTarget "PitchPerfectUITests" */;
			buildPhases = (
				F35184CC1D18DB5B00C9CD8F /* Sources */,
				F35184CD1D18DB5B00C9CD8F /* Frameworks */,
				F35184CE1D18DB5B00C9CD8F /* Resources */,
			);
			buildRules = (
			);
			dependencies = (
				F35184D21D18DB5B00C9CD8F /* PBXTargetDependency */,
			);
			name = PitchPerfectUITests;
			productName = PitchPerfectUITests;
			productReference = F35184D01D18DB5B00C9CD8F /* PitchPerfectUITests.xctest */;
			productType = "com.apple.product-type.bundle.ui-testing";
		};
/* End PBXNativeTarget section */

/* Begin PBXProject section */
		F35184A91D18DB5B00C9CD8F /* Project object */ = {
			isa = PBXProject;
			attributes = {
				LastSwiftUpdateCheck = 0730;
				LastUpgradeCheck = 0730;
				ORGANIZATIONNAME = GersonDias;
				TargetAttributes = {
					F35184B01D18DB5B00C9CD8F = {
						CreatedOnToolsVersion = 7.3.1;
					};
					F35184C41D18DB5B00C9CD8F = {
						CreatedOnToolsVersion = 7.3.1;
						TestTargetID = F35184B01D18DB5B00C9CD8F;
					};
					F35184CF1D18DB5B00C9CD8F = {
						CreatedOnToolsVersion = 7.3.1;
						TestTargetID = F35184B01D18DB5B00C9CD8F;
					};
				};
			};
			buildConfigurationList = F35184AC1D18DB5B00C9CD8F /* Build configuration list for PBXProject "PitchPerfect" */;
			compatibilityVersion = "Xcode 3.2";
			developmentRegion = English;
			hasScannedForEncodings = 0;
			knownRegions = (
				en,
				Base,
			);
			mainGroup = F35184A81D18DB5B00C9CD8F;
			productRefGroup = F35184B21D18DB5B00C9CD8F /* Products */;
			projectDirPath = "";
			projectRoot = "";
			targets = (
				F35184B01D18DB5B00C9CD8F /* PitchPerfect */,
				F35184C41D18DB5B00C9CD8F /* PitchPerfectTests */,
				F35184CF1D18DB5B00C9CD8F /* PitchPerfectUITests */,
			);
		};
/* End PBXProject section */

/* Begin PBXResourcesBuildPhase section */
		F35184AF1D18DB5B00C9CD8F /* Resources */ = {
			isa = PBXResourcesBuildPhase;
			buildActionMask = 2147483647;
			files = (
				F35184BF1D18DB5B00C9CD8F /* LaunchScreen.storyboard in Resources */,
				F35184BC1D18DB5B00C9CD8F /* Assets.xcassets in Resources */,
				F35184BA1D18DB5B00C9CD8F /* Main.storyboard in Resources */,
			);
			runOnlyForDeploymentPostprocessing = 0;
		};
		F35184C31D18DB5B00C9CD8F /* Resources */ = {
			isa = PBXResourcesBuildPhase;
			buildActionMask = 2147483647;
			files = (
			);
			runOnlyForDeploymentPostprocessing = 0;
		};
		F35184CE1D18DB5B00C9CD8F /* Resources */ = {
			isa = PBXResourcesBuildPhase;
			buildActionMask = 2147483647;
			files = (
			);
			runOnlyForDeploymentPostprocessing = 0;
		};
/* End PBXResourcesBuildPhase section */

/* Begin PBXSourcesBuildPhase section */
		F35184AD1D18DB5B00C9CD8F /* Sources */ = {
			isa = PBXSourcesBuildPhase;
			buildActionMask = 2147483647;
			files = (
				F35184B71D18DB5B00C9CD8F /* ViewController.swift in Sources */,
				F35184B51D18DB5B00C9CD8F /* AppDelegate.swift in Sources */,
			);
			runOnlyForDeploymentPostprocessing = 0;
		};
		F35184C11D18DB5B00C9CD8F /* Sources */ = {
			isa = PBXSourcesBuildPhase;
			buildActionMask = 2147483647;
			files = (
				F35184CA1D18DB5B00C9CD8F /* PitchPerfectTests.swift in Sources */,
			);
			runOnlyForDeploymentPostprocessing = 0;
		};
		F35184CC1D18DB5B00C9CD8F /* Sources */ = {
			isa = PBXSourcesBuildPhase;
			buildActionMask = 2147483647;
			files = (
				F35184D51D18DB5B00C9CD8F /* PitchPerfectUITests.swift in Sources */,
			);
			runOnlyForDeploymentPostprocessing = 0;
		};
/* End PBXSourcesBuildPhase section */

/* Begin PBXTargetDependency section */
		F35184C71D18DB5B00C9CD8F /* PBXTargetDependency */ = {
			isa = PBXTargetDependency;
			target = F35184B01D18DB5B00C9CD8F /* PitchPerfect */;
			targetProxy = F35184C61D18DB5B00C9CD8F /* PBXContainerItemProxy */;
		};
		F35184D21D18DB5B00C9CD8F /* PBXTargetDependency */ = {
			isa = PBXTargetDependency;
			target = F35184B01D18DB5B00C9CD8F /* PitchPerfect */;
			targetProxy = F35184D11D18DB5B00C9CD8F /* PBXContainerItemProxy */;
		};
/* End PBXTargetDependency section */

/* Begin PBXVariantGroup section */
		F35184B81D18DB5B00C9CD8F /* Main.storyboard */ = {
			isa = PBXVariantGroup;
			children = (
				F35184B91D18DB5B00C9CD8F /* Base */,
			);
			name = Main.storyboard;
			sourceTree = "<group>";
		};
		F35184BD1D18DB5B00C9CD8F /* LaunchScreen.storyboard */ = {
			isa = PBXVariantGroup;
			children = (
				F35184BE1D18DB5B00C9CD8F /* Base */,
			);
			name = LaunchScreen.storyboard;
			sourceTree = "<group>";
		};
/* End PBXVariantGroup section */

/* Begin XCBuildConfiguration section */
		F35184D71D18DB5B00C9CD8F /* Debug */ = {
			isa = XCBuildConfiguration;
			buildSettings = {
				ALWAYS_SEARCH_USER_PATHS = NO;
				CLANG_ANALYZER_NONNULL = YES;
				CLANG_CXX_LANGUAGE_STANDARD = "gnu++0x";
				CLANG_CXX_LIBRARY = "libc++";
				CLANG_ENABLE_MODULES = YES;
				CLANG_ENABLE_OBJC_ARC = YES;
				CLANG_WARN_BOOL_CONVERSION = YES;
				CLANG_WARN_CONSTANT_CONVERSION = YES;
				CLANG_WARN_DIRECT_OBJC_ISA_USAGE = YES_ERROR;
				CLANG_WARN_EMPTY_BODY = YES;
				CLANG_WARN_ENUM_CONVERSION = YES;
				CLANG_WARN_INT_CONVERSION = YES;
				CLANG_WARN_OBJC_ROOT_CLASS = YES_ERROR;
				CLANG_WARN_UNREACHABLE_CODE = YES;
				CLANG_WARN__DUPLICATE_METHOD_MATCH = YES;
				"CODE_SIGN_IDENTITY[sdk=iphoneos*]" = "iPhone Developer";
				COPY_PHASE_STRIP = NO;
				DEBUG_INFORMATION_FORMAT = dwarf;
				ENABLE_STRICT_OBJC_MSGSEND = YES;
				ENABLE_TESTABILITY = YES;
				GCC_C_LANGUAGE_STANDARD = gnu99;
				GCC_DYNAMIC_NO_PIC = NO;
				GCC_NO_COMMON_BLOCKS = YES;
				GCC_OPTIMIZATION_LEVEL = 0;
				GCC_PREPROCESSOR_DEFINITIONS = (
					"DEBUG=1",
					"$(inherited)",
				);
				GCC_WARN_64_TO_32_BIT_CONVERSION = YES;
				GCC_WARN_ABOUT_RETURN_TYPE = YES_ERROR;
				GCC_WARN_UNDECLARED_SELECTOR = YES;
				GCC_WARN_UNINITIALIZED_AUTOS = YES_AGGRESSIVE;
				GCC_WARN_UNUSED_FUNCTION = YES;
				GCC_WARN_UNUSED_VARIABLE = YES;
				IPHONEOS_DEPLOYMENT_TARGET = 9.3;
				MTL_ENABLE_DEBUG_INFO = YES;
				ONLY_ACTIVE_ARCH = YES;
				SDKROOT = iphoneos;
				SWIFT_OPTIMIZATION_LEVEL = "-Onone";
				TARGETED_DEVICE_FAMILY = "1,2";
			};
			name = Debug;
		};
		F35184D81D18DB5B00C9CD8F /* Release */ = {
			isa = XCBuildConfiguration;
			buildSettings = {
				ALWAYS_SEARCH_USER_PATHS = NO;
				CLANG_ANALYZER_NONNULL = YES;
				CLANG_CXX_LANGUAGE_STANDARD = "gnu++0x";
				CLANG_CXX_LIBRARY = "libc++";
				CLANG_ENABLE_MODULES = YES;
				CLANG_ENABLE_OBJC_ARC = YES;
				CLANG_WARN_BOOL_CONVERSION = YES;
				CLANG_WARN_CONSTANT_CONVERSION = YES;
				CLANG_WARN_DIRECT_OBJC_ISA_USAGE = YES_ERROR;
				CLANG_WARN_EMPTY_BODY = YES;
				CLANG_WARN_ENUM_CONVERSION = YES;
				CLANG_WARN_INT_CONVERSION = YES;
				CLANG_WARN_OBJC_ROOT_CLASS = YES_ERROR;
				CLANG_WARN_UNREACHABLE_CODE = YES;
				CLANG_WARN__DUPLICATE_METHOD_MATCH = YES;
				"CODE_SIGN_IDENTITY[sdk=iphoneos*]" = "iPhone Developer";
				COPY_PHASE_STRIP = NO;
				DEBUG_INFORMATION_FORMAT = "dwarf-with-dsym";
				ENABLE_NS_ASSERTIONS = NO;
				ENABLE_STRICT_OBJC_MSGSEND = YES;
				GCC_C_LANGUAGE_STANDARD = gnu99;
				GCC_NO_COMMON_BLOCKS = YES;
				GCC_WARN_64_TO_32_BIT_CONVERSION = YES;
				GCC_WARN_ABOUT_RETURN_TYPE = YES_ERROR;
				GCC_WARN_UNDECLARED_SELECTOR = YES;
				GCC_WARN_UNINITIALIZED_AUTOS = YES_AGGRESSIVE;
				GCC_WARN_UNUSED_FUNCTION = YES;
				GCC_WARN_UNUSED_VARIABLE = YES;
				IPHONEOS_DEPLOYMENT_TARGET = 9.3;
				MTL_ENABLE_DEBUG_INFO = NO;
				SDKROOT = iphoneos;
				TARGETED_DEVICE_FAMILY = "1,2";
				VALIDATE_PRODUCT = YES;
			};
			name = Release;
		};
		F35184DA1D18DB5B00C9CD8F /* Debug */ = {
			isa = XCBuildConfiguration;
			buildSettings = {
				ASSETCATALOG_COMPILER_APPICON_NAME = AppIcon;
				INFOPLIST_FILE = PitchPerfect/Info.plist;
				LD_RUNPATH_SEARCH_PATHS = "$(inherited) @executable_path/Frameworks";
				PRODUCT_BUNDLE_IDENTIFIER = net.gersondias.PitchPerfect;
				PRODUCT_NAME = "$(TARGET_NAME)";
			};
			name = Debug;
		};
		F35184DB1D18DB5B00C9CD8F /* Release */ = {
			isa = XCBuildConfiguration;
			buildSettings = {
				ASSETCATALOG_COMPILER_APPICON_NAME = AppIcon;
				INFOPLIST_FILE = PitchPerfect/Info.plist;
				LD_RUNPATH_SEARCH_PATHS = "$(inherited) @executable_path/Frameworks";
				PRODUCT_BUNDLE_IDENTIFIER = net.gersondias.PitchPerfect;
				PRODUCT_NAME = "$(TARGET_NAME)";
			};
			name = Release;
		};
		F35184DD1D18DB5B00C9CD8F /* Debug */ = {
			isa = XCBuildConfiguration;
			buildSettings = {
				BUNDLE_LOADER = "$(TEST_HOST)";
				INFOPLIST_FILE = PitchPerfectTests/Info.plist;
				LD_RUNPATH_SEARCH_PATHS = "$(inherited) @executable_path/Frameworks @loader_path/Frameworks";
				PRODUCT_BUNDLE_IDENTIFIER = net.gersondias.PitchPerfectTests;
				PRODUCT_NAME = "$(TARGET_NAME)";
				TEST_HOST = "$(BUILT_PRODUCTS_DIR)/PitchPerfect.app/PitchPerfect";
			};
			name = Debug;
		};
		F35184DE1D18DB5B00C9CD8F /* Release */ = {
			isa = XCBuildConfiguration;
			buildSettings = {
				BUNDLE_LOADER = "$(TEST_HOST)";
				INFOPLIST_FILE = PitchPerfectTests/Info.plist;
				LD_RUNPATH_SEARCH_PATHS = "$(inherited) @executable_path/Frameworks @loader_path/Frameworks";
				PRODUCT_BUNDLE_IDENTIFIER = net.gersondias.PitchPerfectTests;
				PRODUCT_NAME = "$(TARGET_NAME)";
				TEST_HOST = "$(BUILT_PRODUCTS_DIR)/PitchPerfect.app/PitchPerfect";
			};
			name = Release;
		};
		F35184E01D18DB5B00C9CD8F /* Debug */ = {
			isa = XCBuildConfiguration;
			buildSettings = {
				INFOPLIST_FILE = PitchPerfectUITests/Info.plist;
				LD_RUNPATH_SEARCH_PATHS = "$(inherited) @executable_path/Frameworks @loader_path/Frameworks";
				PRODUCT_BUNDLE_IDENTIFIER = net.gersondias.PitchPerfectUITests;
				PRODUCT_NAME = "$(TARGET_NAME)";
				TEST_TARGET_NAME = PitchPerfect;
			};
			name = Debug;
		};
		F35184E11D18DB5B00C9CD8F /* Release */ = {
			isa = XCBuildConfiguration;
			buildSettings = {
				INFOPLIST_FILE = PitchPerfectUITests/Info.plist;
				LD_RUNPATH_SEARCH_PATHS = "$(inherited) @executable_path/Frameworks @loader_path/Frameworks";
				PRODUCT_BUNDLE_IDENTIFIER = net.gersondias.PitchPerfectUITests;
				PRODUCT_NAME = "$(TARGET_NAME)";
				TEST_TARGET_NAME = PitchPerfect;
			};
			name = Release;
		};
/* End XCBuildConfiguration section */

/* Begin XCConfigurationList section */
		F35184AC1D18DB5B00C9CD8F /* Build configuration list for PBXProject "PitchPerfect" */ = {
			isa = XCConfigurationList;
			buildConfigurations = (
				F35184D71D18DB5B00C9CD8F /* Debug */,
				F35184D81D18DB5B00C9CD8F /* Release */,
			);
			defaultConfigurationIsVisible = 0;
			defaultConfigurationName = Release;
		};
		F35184D91D18DB5B00C9CD8F /* Build configuration list for PBXNativeTarget "PitchPerfect" */ = {
			isa = XCConfigurationList;
			buildConfigurations = (
				F35184DA1D18DB5B00C9CD8F /* Debug */,
				F35184DB1D18DB5B00C9CD8F /* Release */,
			);
			defaultConfigurationIsVisible = 0;
		};
		F35184DC1D18DB5B00C9CD8F /* Build configuration list for PBXNativeTarget "PitchPerfectTests" */ = {
			isa = XCConfigurationList;
			buildConfigurations = (
				F35184DD1D18DB5B00C9CD8F /* Debug */,
				F35184DE1D18DB5B00C9CD8F /* Release */,
			);
			defaultConfigurationIsVisible = 0;
		};
		F35184DF1D18DB5B00C9CD8F /* Build configuration list for PBXNativeTarget "PitchPerfectUITests" */ = {
			isa = XCConfigurationList;
			buildConfigurations = (
				F35184E01D18DB5B00C9CD8F /* Debug */,
				F35184E11D18DB5B00C9CD8F /* Release */,
			);
			defaultConfigurationIsVisible = 0;
		};
/* End XCConfigurationList section */
	};
	rootObject = F35184A91D18DB5B00C9CD8F /* Project object */;
}
